PODS:
  - GoogleMaps (3.10.0):
    - GoogleMaps/Maps (= 3.10.0)
  - GoogleMaps/Base (3.10.0)
  - GoogleMaps/Maps (3.10.0):
    - GoogleMaps/Base
  - GooglePlaces (3.10.0):
    - GoogleMaps/Base (= 3.10.0)
  - Localize-Swift (3.1.0)
  - SnapKit (5.0.1)

DEPENDENCIES:
  - GoogleMaps
  - GooglePlaces
  - Localize-Swift
  - SnapKit

SPEC REPOS:
  trunk:
    - GoogleMaps
    - GooglePlaces
    - Localize-Swift
    - SnapKit

SPEC CHECKSUMS:
  GoogleMaps: 8c080862ff2748ece9929471b30feb56a6c5079d
  GooglePlaces: 9a6f5f3a0c88da2aa1bf7426a65d3e004f5e69a1
  Localize-Swift: 4bed4f0ccac8be2ec3517ee359da80ba2adb0fae
  SnapKit: 97b92857e3df3a0c71833cce143274bf6ef8e5eb

PODFILE CHECKSUM: 34947b6b51615a2ea95d69e90784bd852a8d854a

COCOAPODS: 1.9.3
